
Microsoft Visual Studio Solution File, Format Version 12.00
# Visual Studio Version 16
VisualStudioVersion = 16.0.28803.156
MinimumVisualStudioVersion = 10.0.40219.1
Project("{FAE04EC0-301F-11D3-BF4B-00C04F79EFBC}") = "AuraSharp", "AuraSharp\AuraSharp.csproj", "{4873BE86-A0E7-4AB4-B1FD-B6CA000F1CB0}"
EndProject
Global
	GlobalSection(SolutionConfigurationPlatforms) = preSolution
		Debug|Any CPU = Debug|Any CPU
		Release|Any CPU = Release|Any CPU
	EndGlobalSection
	GlobalSection(ProjectConfigurationPlatforms) = postSolution
		{4873BE86-A0E7-4AB4-B1FD-B6CA000F1CB0}.Debug|Any CPU.ActiveCfg = Debug|Any CPU
		{4873BE86-A0E7-4AB4-B1FD-B6CA000F1CB0}.Debug|Any CPU.Build.0 = Debug|Any CPU
		{4873BE86-A0E7-4AB4-B1FD-B6CA000F1CB0}.Release|Any CPU.ActiveCfg = Release|Any CPU
		{4873BE86-A0E7-4AB4-B1FD-B6CA000F1CB0}.Release|Any CPU.Build.0 = Release|Any CPU
	EndGlobalSection
	GlobalSection(SolutionProperties) = preSolution
		HideSolutionNode = FALSE
	EndGlobalSection
	GlobalSection(ExtensibilityGlobals) = postSolution
		SolutionGuid = {40C5AF75-9033-4006-AF5F-80051594DCB6}
	EndGlobalSection
EndGlobal
